
Microsoft Visual Studio Solution File, Format Version 12.00
# Visual Studio Version 16
VisualStudioVersion = 16.0.34931.43
MinimumVisualStudioVersion = 10.0.40219.1
Project("{FAE04EC0-301F-11D3-BF4B-00C04F79EFBC}") = "Assignment-2", "Assignment-2\Assignment-2.csproj", "{80C3EFA5-ABB7-44AA-AC90-4F19A5626F12}"
EndProject
Global
	GlobalSection(SolutionConfigurationPlatforms) = preSolution
		Debug|Any CPU = Debug|Any CPU
		Release|Any CPU = Release|Any CPU
	EndGlobalSection
	GlobalSection(ProjectConfigurationPlatforms) = postSolution
		{80C3EFA5-ABB7-44AA-AC90-4F19A5626F12}.Debug|Any CPU.ActiveCfg = Debug|Any CPU
		{80C3EFA5-ABB7-44AA-AC90-4F19A5626F12}.Debug|Any CPU.Build.0 = Debug|Any CPU
		{80C3EFA5-ABB7-44AA-AC90-4F19A5626F12}.Release|Any CPU.ActiveCfg = Release|Any CPU
		{80C3EFA5-ABB7-44AA-AC90-4F19A5626F12}.Release|Any CPU.Build.0 = Release|Any CPU
	EndGlobalSection
	GlobalSection(SolutionProperties) = preSolution
		HideSolutionNode = FALSE
	EndGlobalSection
	GlobalSection(ExtensibilityGlobals) = postSolution
		SolutionGuid = {F269EDCC-E78E-4F1D-BA25-6101B28E1E88}
	EndGlobalSection
EndGlobal
