
Microsoft Visual Studio Solution File, Format Version 12.00
# Visual Studio Version 16
VisualStudioVersion = 16.0.34931.43
MinimumVisualStudioVersion = 10.0.40219.1
Project("{FAE04EC0-301F-11D3-BF4B-00C04F79EFBC}") = "CCA--3", "CCA--3\CCA--3.csproj", "{EB38D7C1-4F6A-46A9-9486-6BEBFB35DBBE}"
EndProject
Project("{FAE04EC0-301F-11D3-BF4B-00C04F79EFBC}") = "IPL_Score", "IPL_Score\IPL_Score.csproj", "{79B234AD-D101-4D2D-B424-CA934D11274A}"
EndProject
Project("{FAE04EC0-301F-11D3-BF4B-00C04F79EFBC}") = "Operations_with_Box", "Operations_with_Box\Operations_with_Box.csproj", "{68AEACCE-C288-4606-AE5B-482A8F95CFA3}"
EndProject
Global
	GlobalSection(SolutionConfigurationPlatforms) = preSolution
		Debug|Any CPU = Debug|Any CPU
		Release|Any CPU = Release|Any CPU
	EndGlobalSection
	GlobalSection(ProjectConfigurationPlatforms) = postSolution
		{EB38D7C1-4F6A-46A9-9486-6BEBFB35DBBE}.Debug|Any CPU.ActiveCfg = Debug|Any CPU
		{EB38D7C1-4F6A-46A9-9486-6BEBFB35DBBE}.Debug|Any CPU.Build.0 = Debug|Any CPU
		{EB38D7C1-4F6A-46A9-9486-6BEBFB35DBBE}.Release|Any CPU.ActiveCfg = Release|Any CPU
		{EB38D7C1-4F6A-46A9-9486-6BEBFB35DBBE}.Release|Any CPU.Build.0 = Release|Any CPU
		{79B234AD-D101-4D2D-B424-CA934D11274A}.Debug|Any CPU.ActiveCfg = Debug|Any CPU
		{79B234AD-D101-4D2D-B424-CA934D11274A}.Debug|Any CPU.Build.0 = Debug|Any CPU
		{79B234AD-D101-4D2D-B424-CA934D11274A}.Release|Any CPU.ActiveCfg = Release|Any CPU
		{79B234AD-D101-4D2D-B424-CA934D11274A}.Release|Any CPU.Build.0 = Release|Any CPU
		{68AEACCE-C288-4606-AE5B-482A8F95CFA3}.Debug|Any CPU.ActiveCfg = Debug|Any CPU
		{68AEACCE-C288-4606-AE5B-482A8F95CFA3}.Debug|Any CPU.Build.0 = Debug|Any CPU
		{68AEACCE-C288-4606-AE5B-482A8F95CFA3}.Release|Any CPU.ActiveCfg = Release|Any CPU
		{68AEACCE-C288-4606-AE5B-482A8F95CFA3}.Release|Any CPU.Build.0 = Release|Any CPU
	EndGlobalSection
	GlobalSection(SolutionProperties) = preSolution
		HideSolutionNode = FALSE
	EndGlobalSection
	GlobalSection(ExtensibilityGlobals) = postSolution
		SolutionGuid = {8AAA3D25-DF7B-444B-ADF1-96E40DF36052}
	EndGlobalSection
EndGlobal
