
Microsoft Visual Studio Solution File, Format Version 12.00
# Visual Studio Version 16
VisualStudioVersion = 16.0.34931.43
MinimumVisualStudioVersion = 10.0.40219.1
Project("{FAE04EC0-301F-11D3-BF4B-00C04F79EFBC}") = "CCA--2", "CCA--2\CCA--2.csproj", "{8820E854-F4A0-4C1A-9259-4232D1227007}"
EndProject
Project("{FAE04EC0-301F-11D3-BF4B-00C04F79EFBC}") = "Student Database", "Student Database\Student Database.csproj", "{AAD79241-DEFF-41CD-8955-EBB8DC4C8D52}"
EndProject
Project("{FAE04EC0-301F-11D3-BF4B-00C04F79EFBC}") = "SortProduct", "SortProduct\SortProduct.csproj", "{63D742C9-F17F-4D79-9459-9600D548F983}"
EndProject
Project("{FAE04EC0-301F-11D3-BF4B-00C04F79EFBC}") = "NegativeIntegerAsException", "NegativeIntegerAsException\NegativeIntegerAsException.csproj", "{00861D24-EE4B-478B-A19B-8FE1A4003D19}"
EndProject
Global
	GlobalSection(SolutionConfigurationPlatforms) = preSolution
		Debug|Any CPU = Debug|Any CPU
		Release|Any CPU = Release|Any CPU
	EndGlobalSection
	GlobalSection(ProjectConfigurationPlatforms) = postSolution
		{8820E854-F4A0-4C1A-9259-4232D1227007}.Debug|Any CPU.ActiveCfg = Debug|Any CPU
		{8820E854-F4A0-4C1A-9259-4232D1227007}.Debug|Any CPU.Build.0 = Debug|Any CPU
		{8820E854-F4A0-4C1A-9259-4232D1227007}.Release|Any CPU.ActiveCfg = Release|Any CPU
		{8820E854-F4A0-4C1A-9259-4232D1227007}.Release|Any CPU.Build.0 = Release|Any CPU
		{AAD79241-DEFF-41CD-8955-EBB8DC4C8D52}.Debug|Any CPU.ActiveCfg = Debug|Any CPU
		{AAD79241-DEFF-41CD-8955-EBB8DC4C8D52}.Debug|Any CPU.Build.0 = Debug|Any CPU
		{AAD79241-DEFF-41CD-8955-EBB8DC4C8D52}.Release|Any CPU.ActiveCfg = Release|Any CPU
		{AAD79241-DEFF-41CD-8955-EBB8DC4C8D52}.Release|Any CPU.Build.0 = Release|Any CPU
		{63D742C9-F17F-4D79-9459-9600D548F983}.Debug|Any CPU.ActiveCfg = Debug|Any CPU
		{63D742C9-F17F-4D79-9459-9600D548F983}.Debug|Any CPU.Build.0 = Debug|Any CPU
		{63D742C9-F17F-4D79-9459-9600D548F983}.Release|Any CPU.ActiveCfg = Release|Any CPU
		{63D742C9-F17F-4D79-9459-9600D548F983}.Release|Any CPU.Build.0 = Release|Any CPU
		{00861D24-EE4B-478B-A19B-8FE1A4003D19}.Debug|Any CPU.ActiveCfg = Debug|Any CPU
		{00861D24-EE4B-478B-A19B-8FE1A4003D19}.Debug|Any CPU.Build.0 = Debug|Any CPU
		{00861D24-EE4B-478B-A19B-8FE1A4003D19}.Release|Any CPU.ActiveCfg = Release|Any CPU
		{00861D24-EE4B-478B-A19B-8FE1A4003D19}.Release|Any CPU.Build.0 = Release|Any CPU
	EndGlobalSection
	GlobalSection(SolutionProperties) = preSolution
		HideSolutionNode = FALSE
	EndGlobalSection
	GlobalSection(ExtensibilityGlobals) = postSolution
		SolutionGuid = {185214DD-679E-4F41-B17C-A3ED84A9FFBB}
	EndGlobalSection
EndGlobal
